
Microsoft Visual Studio Solution File, Format Version 12.00
# Visual Studio Version 17
VisualStudioVersion = 17.10.35013.160
MinimumVisualStudioVersion = 10.0.40219.1
Project("{2150E333-8FDC-42A3-9474-1A3956D46DE8}") = "1. Apresentação", "1. Apresentação", "{E68BDA86-2F52-4BA8-8930-14C47277689B}"
EndProject
Project("{2150E333-8FDC-42A3-9474-1A3956D46DE8}") = "2. Domínio", "2. Domínio", "{924FC8C9-B255-4C63-856E-EF4AE8038453}"
EndProject
Project("{2150E333-8FDC-42A3-9474-1A3956D46DE8}") = "3. Infraestrutura", "3. Infraestrutura", "{CC00371E-017D-4EB2-BEB2-70D1359DCAE6}"
EndProject
Project("{FAE04EC0-301F-11D3-BF4B-00C04F79EFBC}") = "ControleDeBar.WinApp", "ControleDeBar.WinApp\ControleDeBar.WinApp.csproj", "{3F316393-70D2-40A2-83B9-A7C9455D32DC}"
	ProjectSection(ProjectDependencies) = postProject
		{F4EC034E-D07C-48F0-AAFB-D3FB3DB4549C} = {F4EC034E-D07C-48F0-AAFB-D3FB3DB4549C}
	EndProjectSection
EndProject
Project("{FAE04EC0-301F-11D3-BF4B-00C04F79EFBC}") = "ControleDeBar.Dominio", "ControleDeBar.Dominio\ControleDeBar.Dominio.csproj", "{13F96CB2-AE35-4CA2-B6EE-66FABC367576}"
EndProject
Project("{2150E333-8FDC-42A3-9474-1A3956D46DE8}") = "3.1 ORM", "3.1 ORM", "{A4904B9E-3A25-42F3-8384-78D4D3183D16}"
EndProject
Project("{FAE04EC0-301F-11D3-BF4B-00C04F79EFBC}") = "ControleDeBar.Infra.Orm", "ControleDeBar.Infra.Orm\ControleDeBar.Infra.Orm.csproj", "{F4EC034E-D07C-48F0-AAFB-D3FB3DB4549C}"
	ProjectSection(ProjectDependencies) = postProject
		{13F96CB2-AE35-4CA2-B6EE-66FABC367576} = {13F96CB2-AE35-4CA2-B6EE-66FABC367576}
	EndProjectSection
EndProject
Global
	GlobalSection(SolutionConfigurationPlatforms) = preSolution
		Debug|Any CPU = Debug|Any CPU
		Release|Any CPU = Release|Any CPU
	EndGlobalSection
	GlobalSection(ProjectConfigurationPlatforms) = postSolution
		{3F316393-70D2-40A2-83B9-A7C9455D32DC}.Debug|Any CPU.ActiveCfg = Debug|Any CPU
		{3F316393-70D2-40A2-83B9-A7C9455D32DC}.Debug|Any CPU.Build.0 = Debug|Any CPU
		{3F316393-70D2-40A2-83B9-A7C9455D32DC}.Release|Any CPU.ActiveCfg = Release|Any CPU
		{3F316393-70D2-40A2-83B9-A7C9455D32DC}.Release|Any CPU.Build.0 = Release|Any CPU
		{13F96CB2-AE35-4CA2-B6EE-66FABC367576}.Debug|Any CPU.ActiveCfg = Debug|Any CPU
		{13F96CB2-AE35-4CA2-B6EE-66FABC367576}.Debug|Any CPU.Build.0 = Debug|Any CPU
		{13F96CB2-AE35-4CA2-B6EE-66FABC367576}.Release|Any CPU.ActiveCfg = Release|Any CPU
		{13F96CB2-AE35-4CA2-B6EE-66FABC367576}.Release|Any CPU.Build.0 = Release|Any CPU
		{F4EC034E-D07C-48F0-AAFB-D3FB3DB4549C}.Debug|Any CPU.ActiveCfg = Debug|Any CPU
		{F4EC034E-D07C-48F0-AAFB-D3FB3DB4549C}.Debug|Any CPU.Build.0 = Debug|Any CPU
		{F4EC034E-D07C-48F0-AAFB-D3FB3DB4549C}.Release|Any CPU.ActiveCfg = Release|Any CPU
		{F4EC034E-D07C-48F0-AAFB-D3FB3DB4549C}.Release|Any CPU.Build.0 = Release|Any CPU
	EndGlobalSection
	GlobalSection(SolutionProperties) = preSolution
		HideSolutionNode = FALSE
	EndGlobalSection
	GlobalSection(NestedProjects) = preSolution
		{3F316393-70D2-40A2-83B9-A7C9455D32DC} = {E68BDA86-2F52-4BA8-8930-14C47277689B}
		{13F96CB2-AE35-4CA2-B6EE-66FABC367576} = {924FC8C9-B255-4C63-856E-EF4AE8038453}
		{A4904B9E-3A25-42F3-8384-78D4D3183D16} = {CC00371E-017D-4EB2-BEB2-70D1359DCAE6}
		{F4EC034E-D07C-48F0-AAFB-D3FB3DB4549C} = {A4904B9E-3A25-42F3-8384-78D4D3183D16}
	EndGlobalSection
	GlobalSection(ExtensibilityGlobals) = postSolution
		SolutionGuid = {F602749B-4698-472B-B8FD-15503196A21B}
	EndGlobalSection
EndGlobal
